# Dependency lock for the Limnoria container.
#
# Baseline: packages installed by the successful v0.1.0 CI build on
# 2026-09-03 for ProgVal/Limnoria@ac135083987a3a3121a9ba54f980902b29da10c7.
#
# This file pins the complete runtime dependency graph to exact versions.
# Install it with --no-deps so new transitive dependencies cannot enter the
# image implicitly. Hash pinning is being introduced architecture-safely; cffi is
# currently locked to its CPython 3.13 musllinux x86_64 and aarch64 artifacts.

cffi==2.1.1 \
    --hash=sha256:e0bcb7e0f677f543555d2adff3bf19c05f66cdb4796e5ff602442ab2fe3c4ef7 \
    --hash=sha256:a2d7755bef5a12ed488f4ef1f1b69ee9191d7396083b755a5d2295f6edb4768b
chardet==6.0.0.post1 \
    --hash=sha256:c894a36800549adf7bb5f2af47033281b75fdfcd2aa0f0243be0ad22a52e2dcb
cryptography==50.0.1 \
    --hash=sha256:9ebcdd5519be9b652a46f507817a74591774fc3d6923ac364e4dfa64e36b291b
dateandtime==0.0.7 \
    --hash=sha256:9342c600c82f473cc25aa6f08d3742128d53d753a75379735fa7280ff660c139
ddate==0.1.2 \
    --hash=sha256:6e910158037826457214eba7578de940298b0232c2695ddb44f64a7529c76618
feedparser==6.0.14 \
    --hash=sha256:e35e3f760151b0c3b22cac9684155cae186a233e16c49bcbc6c49e91e3131137
feedparser-sgmllib==2.1.0 \
    --hash=sha256:2cab2d43b95a954f920f18aebce7a4dbbb3f539780b127e2aa114f579821e01d
pycparser==3.0 \
    --hash=sha256:b727414169a36b7d524c1c3e31839a521725078d7b2ff038656844266160a992
PySocks==1.7.1 \
    --hash=sha256:2725bd0a9925919b9b51739eea5f9e2bae91e83288108a9ad338b2e3a4435ee5
python-dateutil==2.9.0.post0 \
    --hash=sha256:a8b2bc7bffae282281c8140a97d3aa9c14da0b136dfe83f850eea9a5f7470427
python-gnupg==0.5.6 \
    --hash=sha256:b5050a55663d8ab9fcc8d97556d229af337a87a3ebebd7054cbd8b7e2043394a
pyxmpp2-scram==2.0.2 \
    --hash=sha256:ea215ca97ceb9b0e38b9ab54e1bda9629065d619e14b7ba268a3381d6de2435c
six==1.17.0
